// !$*UTF8*$!
{
	archiveVersion = 1;
	classes = {
	};
	objectVersion = 50;
	objects = {

/* Begin PBXBuildFile section */
		2B4E83F12365FA9D00E91AB2 /* DayOfWeekCalculator.swift in Sources */ = {isa = PBXBuildFile; fileRef = 2B4E83F02365FA9D00E91AB2 /* DayOfWeekCalculator.swift */; };
		2B4E83F42366009D00E91AB2 /* Day.swift in Sources */ = {isa = PBXBuildFile; fileRef = 2B4E83F32366009D00E91AB2 /* Day.swift */; };
		2B70A955233080620028A8CE /* ContentView.swift in Sources */ = {isa = PBXBuildFile; fileRef = 2B70A954233080620028A8CE /* ContentView.swift */; };
		2B70A957233080630028A8CE /* Assets.xcassets in Resources */ = {isa = PBXBuildFile; fileRef = 2B70A956233080630028A8CE /* Assets.xcassets */; };
		2B70A95A233080630028A8CE /* Preview Assets.xcassets in Resources */ = {isa = PBXBuildFile; fileRef = 2B70A959233080630028A8CE /* Preview Assets.xcassets */; };
		2B70A973233080640028A8CE /* DayOfWeekUITests.swift in Sources */ = {isa = PBXBuildFile; fileRef = 2B70A972233080640028A8CE /* DayOfWeekUITests.swift */; };
		2B80055E2368218E000B8C30 /* DateExtension.swift in Sources */ = {isa = PBXBuildFile; fileRef = 2B80055D2368218E000B8C30 /* DateExtension.swift */; };
		2B80056023682263000B8C30 /* DateExtensionTests.swift in Sources */ = {isa = PBXBuildFile; fileRef = 2B80055F23682263000B8C30 /* DateExtensionTests.swift */; };
		2B9F6D9B24A59DCC0043FB7B /* DayOfWeekApp.swift in Sources */ = {isa = PBXBuildFile; fileRef = 2B9F6D9A24A59DCC0043FB7B /* DayOfWeekApp.swift */; };
		2BB16BF42367D3BA0017432D /* DayTests.swift in Sources */ = {isa = PBXBuildFile; fileRef = 2BB16BF32367D3BA0017432D /* DayTests.swift */; };
		2BB16BF62367D5EA0017432D /* DayOfWeekCalculatorTests.swift in Sources */ = {isa = PBXBuildFile; fileRef = 2BB16BF52367D5EA0017432D /* DayOfWeekCalculatorTests.swift */; };
/* End PBXBuildFile section */

/* Begin PBXContainerItemProxy section */
		2B70A964233080630028A8CE /* PBXContainerItemProxy */ = {
			isa = PBXContainerItemProxy;
			containerPortal = 2B70A945233080620028A8CE /* Project object */;
			proxyType = 1;
			remoteGlobalIDString = 2B70A94C233080620028A8CE;
			remoteInfo = DayOfWeek;
		};
		2B70A96F233080640028A8CE /* PBXContainerItemProxy */ = {
			isa = PBXContainerItemProxy;
			containerPortal = 2B70A945233080620028A8CE /* Project object */;
			proxyType = 1;
			remoteGlobalIDString = 2B70A94C233080620028A8CE;
			remoteInfo = DayOfWeek;
		};
/* End PBXContainerItemProxy section */

/* Begin PBXFileReference section */
		2B4E83F02365FA9D00E91AB2 /* DayOfWeekCalculator.swift */ = {isa = PBXFileReference; lastKnownFileType = sourcecode.swift; path = DayOfWeekCalculator.swift; sourceTree = "<group>"; };
		2B4E83F32366009D00E91AB2 /* Day.swift */ = {isa = PBXFileReference; lastKnownFileType = sourcecode.swift; path = Day.swift; sourceTree = "<group>"; };
		2B70A94D233080620028A8CE /* DayOfWeek.app */ = {isa = PBXFileReference; explicitFileType = wrapper.application; includeInIndex = 0; path = DayOfWeek.app; sourceTree = BUILT_PRODUCTS_DIR; };
		2B70A954233080620028A8CE /* ContentView.swift */ = {isa = PBXFileReference; lastKnownFileType = sourcecode.swift; path = ContentView.swift; sourceTree = "<group>"; };
		2B70A956233080630028A8CE /* Assets.xcassets */ = {isa = PBXFileReference; lastKnownFileType = folder.assetcatalog; path = Assets.xcassets; sourceTree = "<group>"; };
		2B70A959233080630028A8CE /* Preview Assets.xcassets */ = {isa = PBXFileReference; lastKnownFileType = folder.assetcatalog; path = "Preview Assets.xcassets"; sourceTree = "<group>"; };
		2B70A95E233080630028A8CE /* Info.plist */ = {isa = PBXFileReference; lastKnownFileType = text.plist.xml; path = Info.plist; sourceTree = "<group>"; };
		2B70A963233080630028A8CE /* DayOfWeekTests.xctest */ = {isa = PBXFileReference; explicitFileType = wrapper.cfbundle; includeInIndex = 0; path = DayOfWeekTests.xctest; sourceTree = BUILT_PRODUCTS_DIR; };
		2B70A969233080630028A8CE /* Info.plist */ = {isa = PBXFileReference; lastKnownFileType = text.plist.xml; path = Info.plist; sourceTree = "<group>"; };
		2B70A96E233080640028A8CE /* DayOfWeekUITests.xctest */ = {isa = PBXFileReference; explicitFileType = wrapper.cfbundle; includeInIndex = 0; path = DayOfWeekUITests.xctest; sourceTree = BUILT_PRODUCTS_DIR; };
		2B70A972233080640028A8CE /* DayOfWeekUITests.swift */ = {isa = PBXFileReference; lastKnownFileType = sourcecode.swift; path = DayOfWeekUITests.swift; sourceTree = "<group>"; };
		2B70A974233080640028A8CE /* Info.plist */ = {isa = PBXFileReference; lastKnownFileType = text.plist.xml; path = Info.plist; sourceTree = "<group>"; };
		2B80055D2368218E000B8C30 /* DateExtension.swift */ = {isa = PBXFileReference; lastKnownFileType = sourcecode.swift; path = DateExtension.swift; sourceTree = "<group>"; };
		2B80055F23682263000B8C30 /* DateExtensionTests.swift */ = {isa = PBXFileReference; lastKnownFileType = sourcecode.swift; path = DateExtensionTests.swift; sourceTree = "<group>"; };
		2B9F6D9A24A59DCC0043FB7B /* DayOfWeekApp.swift */ = {isa = PBXFileReference; lastKnownFileType = sourcecode.swift; path = DayOfWeekApp.swift; sourceTree = "<group>"; };
		2BB16BF32367D3BA0017432D /* DayTests.swift */ = {isa = PBXFileReference; lastKnownFileType = sourcecode.swift; path = DayTests.swift; sourceTree = "<group>"; };
		2BB16BF52367D5EA0017432D /* DayOfWeekCalculatorTests.swift */ = {isa = PBXFileReference; lastKnownFileType = sourcecode.swift; path = DayOfWeekCalculatorTests.swift; sourceTree = "<group>"; };
/* End PBXFileReference section */

/* Begin PBXFrameworksBuildPhase section */
		2B70A94A233080620028A8CE /* Frameworks */ = {
			isa = PBXFrameworksBuildPhase;
			buildActionMask = 2147483647;
			files = (
			);
			runOnlyForDeploymentPostprocessing = 0;
		};
		2B70A960233080630028A8CE /* Frameworks */ = {
			isa = PBXFrameworksBuildPhase;
			buildActionMask = 2147483647;
			files = (
			);
			runOnlyForDeploymentPostprocessing = 0;
		};
		2B70A96B233080640028A8CE /* Frameworks */ = {
			isa = PBXFrameworksBuildPhase;
			buildActionMask = 2147483647;
			files = (
			);
			runOnlyForDeploymentPostprocessing = 0;
		};
/* End PBXFrameworksBuildPhase section */

/* Begin PBXGroup section */
		2B70A944233080620028A8CE = {
			isa = PBXGroup;
			children = (
				2B70A94F233080620028A8CE /* DayOfWeek */,
				2B70A966233080630028A8CE /* DayOfWeekTests */,
				2B70A971233080640028A8CE /* DayOfWeekUITests */,
				2B70A94E233080620028A8CE /* Products */,
			);
			sourceTree = "<group>";
		};
		2B70A94E233080620028A8CE /* Products */ = {
			isa = PBXGroup;
			children = (
				2B70A94D233080620028A8CE /* DayOfWeek.app */,
				2B70A963233080630028A8CE /* DayOfWeekTests.xctest */,
				2B70A96E233080640028A8CE /* DayOfWeekUITests.xctest */,
			);
			name = Products;
			sourceTree = "<group>";
		};
		2B70A94F233080620028A8CE /* DayOfWeek */ = {
			isa = PBXGroup;
			children = (
				2B70A956233080630028A8CE /* Assets.xcassets */,
				2B70A954233080620028A8CE /* ContentView.swift */,
				2B80055D2368218E000B8C30 /* DateExtension.swift */,
				2B4E83F32366009D00E91AB2 /* Day.swift */,
				2B9F6D9A24A59DCC0043FB7B /* DayOfWeekApp.swift */,
				2B4E83F02365FA9D00E91AB2 /* DayOfWeekCalculator.swift */,
				2B70A95E233080630028A8CE /* Info.plist */,
				2B70A958233080630028A8CE /* Preview Content */,
			);
			path = DayOfWeek;
			sourceTree = "<group>";
		};
		2B70A958233080630028A8CE /* Preview Content */ = {
			isa = PBXGroup;
			children = (
				2B70A959233080630028A8CE /* Preview Assets.xcassets */,
			);
			path = "Preview Content";
			sourceTree = "<group>";
		};
		2B70A966233080630028A8CE /* DayOfWeekTests */ = {
			isa = PBXGroup;
			children = (
				2B70A969233080630028A8CE /* Info.plist */,
				2BB16BF32367D3BA0017432D /* DayTests.swift */,
				2BB16BF52367D5EA0017432D /* DayOfWeekCalculatorTests.swift */,
				2B80055F23682263000B8C30 /* DateExtensionTests.swift */,
			);
			path = DayOfWeekTests;
			sourceTree = "<group>";
		};
		2B70A971233080640028A8CE /* DayOfWeekUITests */ = {
			isa = PBXGroup;
			children = (
				2B70A972233080640028A8CE /* DayOfWeekUITests.swift */,
				2B70A974233080640028A8CE /* Info.plist */,
			);
			path = DayOfWeekUITests;
			sourceTree = "<group>";
		};
/* End PBXGroup section */

/* Begin PBXNativeTarget section */
		2B70A94C233080620028A8CE /* DayOfWeek */ = {
			isa = PBXNativeTarget;
			buildConfigurationList = 2B70A977233080640028A8CE /* Build configuration list for PBXNativeTarget "DayOfWeek" */;
			buildPhases = (
				2B70A949233080620028A8CE /* Sources */,
				2B70A94A233080620028A8CE /* Frameworks */,
				2B70A94B233080620028A8CE /* Resources */,
			);
			buildRules = (
			);
			dependencies = (
			);
			name = DayOfWeek;
			productName = DayOfWeek;
			productReference = 2B70A94D233080620028A8CE /* DayOfWeek.app */;
			productType = "com.apple.product-type.application";
		};
		2B70A962233080630028A8CE /* DayOfWeekTests */ = {
			isa = PBXNativeTarget;
			buildConfigurationList = 2B70A97A233080640028A8CE /* Build configuration list for PBXNativeTarget "DayOfWeekTests" */;
			buildPhases = (
				2B70A95F233080630028A8CE /* Sources */,
				2B70A960233080630028A8CE /* Frameworks */,
				2B70A961233080630028A8CE /* Resources */,
			);
			buildRules = (
			);
			dependencies = (
				2B70A965233080630028A8CE /* PBXTargetDependency */,
			);
			name = DayOfWeekTests;
			productName = DayOfWeekTests;
			productReference = 2B70A963233080630028A8CE /* DayOfWeekTests.xctest */;
			productType = "com.apple.product-type.bundle.unit-test";
		};
		2B70A96D233080640028A8CE /* DayOfWeekUITests */ = {
			isa = PBXNativeTarget;
			buildConfigurationList = 2B70A97D233080640028A8CE /* Build configuration list for PBXNativeTarget "DayOfWeekUITests" */;
			buildPhases = (
				2B70A96A233080640028A8CE /* Sources */,
				2B70A96B233080640028A8CE /* Frameworks */,
				2B70A96C233080640028A8CE /* Resources */,
			);
			buildRules = (
			);
			dependencies = (
				2B70A970233080640028A8CE /* PBXTargetDependency */,
			);
			name = DayOfWeekUITests;
			productName = DayOfWeekUITests;
			productReference = 2B70A96E233080640028A8CE /* DayOfWeekUITests.xctest */;
			productType = "com.apple.product-type.bundle.ui-testing";
		};
/* End PBXNativeTarget section */

/* Begin PBXProject section */
		2B70A945233080620028A8CE /* Project object */ = {
			isa = PBXProject;
			attributes = {
				LastSwiftUpdateCheck = 1100;
				LastUpgradeCheck = 1100;
				ORGANIZATIONNAME = "Edward Bennett";
				TargetAttributes = {
					2B70A94C233080620028A8CE = {
						CreatedOnToolsVersion = 11.0;
					};
					2B70A962233080630028A8CE = {
						CreatedOnToolsVersion = 11.0;
						TestTargetID = 2B70A94C233080620028A8CE;
					};
					2B70A96D233080640028A8CE = {
						CreatedOnToolsVersion = 11.0;
						TestTargetID = 2B70A94C233080620028A8CE;
					};
				};
			};
			buildConfigurationList = 2B70A948233080620028A8CE /* Build configuration list for PBXProject "DayOfWeek" */;
			compatibilityVersion = "Xcode 9.3";
			developmentRegion = en;
			hasScannedForEncodings = 0;
			knownRegions = (
				en,
				Base,
			);
			mainGroup = 2B70A944233080620028A8CE;
			productRefGroup = 2B70A94E233080620028A8CE /* Products */;
			projectDirPath = "";
			projectRoot = "";
			targets = (
				2B70A94C233080620028A8CE /* DayOfWeek */,
				2B70A962233080630028A8CE /* DayOfWeekTests */,
				2B70A96D233080640028A8CE /* DayOfWeekUITests */,
			);
		};
/* End PBXProject section */

/* Begin PBXResourcesBuildPhase section */
		2B70A94B233080620028A8CE /* Resources */ = {
			isa = PBXResourcesBuildPhase;
			buildActionMask = 2147483647;
			files = (
				2B70A95A233080630028A8CE /* Preview Assets.xcassets in Resources */,
				2B70A957233080630028A8CE /* Assets.xcassets in Resources */,
			);
			runOnlyForDeploymentPostprocessing = 0;
		};
		2B70A961233080630028A8CE /* Resources */ = {
			isa = PBXResourcesBuildPhase;
			buildActionMask = 2147483647;
			files = (
			);
			runOnlyForDeploymentPostprocessing = 0;
		};
		2B70A96C233080640028A8CE /* Resources */ = {
			isa = PBXResourcesBuildPhase;
			buildActionMask = 2147483647;
			files = (
			);
			runOnlyForDeploymentPostprocessing = 0;
		};
/* End PBXResourcesBuildPhase section */

/* Begin PBXSourcesBuildPhase section */
		2B70A949233080620028A8CE /* Sources */ = {
			isa = PBXSourcesBuildPhase;
			buildActionMask = 2147483647;
			files = (
				2B80055E2368218E000B8C30 /* DateExtension.swift in Sources */,
				2B4E83F12365FA9D00E91AB2 /* DayOfWeekCalculator.swift in Sources */,
				2B4E83F42366009D00E91AB2 /* Day.swift in Sources */,
				2B70A955233080620028A8CE /* ContentView.swift in Sources */,
				2B9F6D9B24A59DCC0043FB7B /* DayOfWeekApp.swift in Sources */,
			);
			runOnlyForDeploymentPostprocessing = 0;
		};
		2B70A95F233080630028A8CE /* Sources */ = {
			isa = PBXSourcesBuildPhase;
			buildActionMask = 2147483647;
			files = (
				2BB16BF42367D3BA0017432D /* DayTests.swift in Sources */,
				2B80056023682263000B8C30 /* DateExtensionTests.swift in Sources */,
				2BB16BF62367D5EA0017432D /* DayOfWeekCalculatorTests.swift in Sources */,
			);
			runOnlyForDeploymentPostprocessing = 0;
		};
		2B70A96A233080640028A8CE /* Sources */ = {
			isa = PBXSourcesBuildPhase;
			buildActionMask = 2147483647;
			files = (
				2B70A973233080640028A8CE /* DayOfWeekUITests.swift in Sources */,
			);
			runOnlyForDeploymentPostprocessing = 0;
		};
/* End PBXSourcesBuildPhase section */

/* Begin PBXTargetDependency section */
		2B70A965233080630028A8CE /* PBXTargetDependency */ = {
			isa = PBXTargetDependency;
			target = 2B70A94C233080620028A8CE /* DayOfWeek */;
			targetProxy = 2B70A964233080630028A8CE /* PBXContainerItemProxy */;
		};
		2B70A970233080640028A8CE /* PBXTargetDependency */ = {
			isa = PBXTargetDependency;
			target = 2B70A94C233080620028A8CE /* DayOfWeek */;
			targetProxy = 2B70A96F233080640028A8CE /* PBXContainerItemProxy */;
		};
/* End PBXTargetDependency section */

/* Begin XCBuildConfiguration section */
		2B70A975233080640028A8CE /* Debug */ = {
			isa = XCBuildConfiguration;
			buildSettings = {
				ALWAYS_SEARCH_USER_PATHS = NO;
				CLANG_ANALYZER_NONNULL = YES;
				CLANG_ANALYZER_NUMBER_OBJECT_CONVERSION = YES_AGGRESSIVE;
				CLANG_CXX_LANGUAGE_STANDARD = "gnu++14";
				CLANG_CXX_LIBRARY = "libc++";
				CLANG_ENABLE_MODULES = YES;
				CLANG_ENABLE_OBJC_ARC = YES;
				CLANG_ENABLE_OBJC_WEAK = YES;
				CLANG_WARN_BLOCK_CAPTURE_AUTORELEASING = YES;
				CLANG_WARN_BOOL_CONVERSION = YES;
				CLANG_WARN_COMMA = YES;
				CLANG_WARN_CONSTANT_CONVERSION = YES;
				CLANG_WARN_DEPRECATED_OBJC_IMPLEMENTATIONS = YES;
				CLANG_WARN_DIRECT_OBJC_ISA_USAGE = YES_ERROR;
				CLANG_WARN_DOCUMENTATION_COMMENTS = YES;
				CLANG_WARN_EMPTY_BODY = YES;
				CLANG_WARN_ENUM_CONVERSION = YES;
				CLANG_WARN_INFINITE_RECURSION = YES;
				CLANG_WARN_INT_CONVERSION = YES;
				CLANG_WARN_NON_LITERAL_NULL_CONVERSION = YES;
				CLANG_WARN_OBJC_IMPLICIT_RETAIN_SELF = YES;
				CLANG_WARN_OBJC_LITERAL_CONVERSION = YES;
				CLANG_WARN_OBJC_ROOT_CLASS = YES_ERROR;
				CLANG_WARN_RANGE_LOOP_ANALYSIS = YES;
				CLANG_WARN_STRICT_PROTOTYPES = YES;
				CLANG_WARN_SUSPICIOUS_MOVE = YES;
				CLANG_WARN_UNGUARDED_AVAILABILITY = YES_AGGRESSIVE;
				CLANG_WARN_UNREACHABLE_CODE = YES;
				CLANG_WARN__DUPLICATE_METHOD_MATCH = YES;
				COPY_PHASE_STRIP = NO;
				DEBUG_INFORMATION_FORMAT = dwarf;
				ENABLE_STRICT_OBJC_MSGSEND = YES;
				ENABLE_TESTABILITY = YES;
				GCC_C_LANGUAGE_STANDARD = gnu11;
				GCC_DYNAMIC_NO_PIC = NO;
				GCC_NO_COMMON_BLOCKS = YES;
				GCC_OPTIMIZATION_LEVEL = 0;
				GCC_PREPROCESSOR_DEFINITIONS = (
					"DEBUG=1",
					"$(inherited)",
				);
				GCC_WARN_64_TO_32_BIT_CONVERSION = YES;
				GCC_WARN_ABOUT_RETURN_TYPE = YES_ERROR;
				GCC_WARN_UNDECLARED_SELECTOR = YES;
				GCC_WARN_UNINITIALIZED_AUTOS = YES_AGGRESSIVE;
				GCC_WARN_UNUSED_FUNCTION = YES;
				GCC_WARN_UNUSED_VARIABLE = YES;
				IPHONEOS_DEPLOYMENT_TARGET = 14.0;
				MTL_ENABLE_DEBUG_INFO = INCLUDE_SOURCE;
				MTL_FAST_MATH = YES;
				ONLY_ACTIVE_ARCH = YES;
				SDKROOT = iphoneos;
				SWIFT_ACTIVE_COMPILATION_CONDITIONS = DEBUG;
				SWIFT_OPTIMIZATION_LEVEL = "-Onone";
			};
			name = Debug;
		};
		2B70A976233080640028A8CE /* Release */ = {
			isa = XCBuildConfiguration;
			buildSettings = {
				ALWAYS_SEARCH_USER_PATHS = NO;
				CLANG_ANALYZER_NONNULL = YES;
				CLANG_ANALYZER_NUMBER_OBJECT_CONVERSION = YES_AGGRESSIVE;
				CLANG_CXX_LANGUAGE_STANDARD = "gnu++14";
				CLANG_CXX_LIBRARY = "libc++";
				CLANG_ENABLE_MODULES = YES;
				CLANG_ENABLE_OBJC_ARC = YES;
				CLANG_ENABLE_OBJC_WEAK = YES;
				CLANG_WARN_BLOCK_CAPTURE_AUTORELEASING = YES;
				CLANG_WARN_BOOL_CONVERSION = YES;
				CLANG_WARN_COMMA = YES;
				CLANG_WARN_CONSTANT_CONVERSION = YES;
				CLANG_WARN_DEPRECATED_OBJC_IMPLEMENTATIONS = YES;
				CLANG_WARN_DIRECT_OBJC_ISA_USAGE = YES_ERROR;
				CLANG_WARN_DOCUMENTATION_COMMENTS = YES;
				CLANG_WARN_EMPTY_BODY = YES;
				CLANG_WARN_ENUM_CONVERSION = YES;
				CLANG_WARN_INFINITE_RECURSION = YES;
				CLANG_WARN_INT_CONVERSION = YES;
				CLANG_WARN_NON_LITERAL_NULL_CONVERSION = YES;
				CLANG_WARN_OBJC_IMPLICIT_RETAIN_SELF = YES;
				CLANG_WARN_OBJC_LITERAL_CONVERSION = YES;
				CLANG_WARN_OBJC_ROOT_CLASS = YES_ERROR;
				CLANG_WARN_RANGE_LOOP_ANALYSIS = YES;
				CLANG_WARN_STRICT_PROTOTYPES = YES;
				CLANG_WARN_SUSPICIOUS_MOVE = YES;
				CLANG_WARN_UNGUARDED_AVAILABILITY = YES_AGGRESSIVE;
				CLANG_WARN_UNREACHABLE_CODE = YES;
				CLANG_WARN__DUPLICATE_METHOD_MATCH = YES;
				COPY_PHASE_STRIP = NO;
				DEBUG_INFORMATION_FORMAT = "dwarf-with-dsym";
				ENABLE_NS_ASSERTIONS = NO;
				ENABLE_STRICT_OBJC_MSGSEND = YES;
				GCC_C_LANGUAGE_STANDARD = gnu11;
				GCC_NO_COMMON_BLOCKS = YES;
				GCC_WARN_64_TO_32_BIT_CONVERSION = YES;
				GCC_WARN_ABOUT_RETURN_TYPE = YES_ERROR;
				GCC_WARN_UNDECLARED_SELECTOR = YES;
				GCC_WARN_UNINITIALIZED_AUTOS = YES_AGGRESSIVE;
				GCC_WARN_UNUSED_FUNCTION = YES;
				GCC_WARN_UNUSED_VARIABLE = YES;
				IPHONEOS_DEPLOYMENT_TARGET = 14.0;
				MTL_ENABLE_DEBUG_INFO = NO;
				MTL_FAST_MATH = YES;
				SDKROOT = iphoneos;
				SWIFT_COMPILATION_MODE = wholemodule;
				SWIFT_OPTIMIZATION_LEVEL = "-O";
				VALIDATE_PRODUCT = YES;
			};
			name = Release;
		};
		2B70A978233080640028A8CE /* Debug */ = {
			isa = XCBuildConfiguration;
			buildSettings = {
				ASSETCATALOG_COMPILER_APPICON_NAME = AppIcon;
				CODE_SIGN_STYLE = Automatic;
				DEVELOPMENT_ASSET_PATHS = "DayOfWeek/Preview\\ Content";
				DEVELOPMENT_TEAM = RGG45D58Q7;
				ENABLE_PREVIEWS = YES;
				INFOPLIST_FILE = DayOfWeek/Info.plist;
				IPHONEOS_DEPLOYMENT_TARGET = 14.0;
				LD_RUNPATH_SEARCH_PATHS = (
					"$(inherited)",
					"@executable_path/Frameworks",
				);
				PRODUCT_BUNDLE_IDENTIFIER = com.tzube.DayOfWeek;
				PRODUCT_NAME = "$(TARGET_NAME)";
				SWIFT_VERSION = 5.0;
				TARGETED_DEVICE_FAMILY = 1;
			};
			name = Debug;
		};
		2B70A979233080640028A8CE /* Release */ = {
			isa = XCBuildConfiguration;
			buildSettings = {
				ASSETCATALOG_COMPILER_APPICON_NAME = AppIcon;
				CODE_SIGN_STYLE = Automatic;
				DEVELOPMENT_ASSET_PATHS = "DayOfWeek/Preview\\ Content";
				DEVELOPMENT_TEAM = RGG45D58Q7;
				ENABLE_PREVIEWS = YES;
				INFOPLIST_FILE = DayOfWeek/Info.plist;
				IPHONEOS_DEPLOYMENT_TARGET = 14.0;
				LD_RUNPATH_SEARCH_PATHS = (
					"$(inherited)",
					"@executable_path/Frameworks",
				);
				PRODUCT_BUNDLE_IDENTIFIER = com.tzube.DayOfWeek;
				PRODUCT_NAME = "$(TARGET_NAME)";
				SWIFT_VERSION = 5.0;
				TARGETED_DEVICE_FAMILY = 1;
			};
			name = Release;
		};
		2B70A97B233080640028A8CE /* Debug */ = {
			isa = XCBuildConfiguration;
			buildSettings = {
				ALWAYS_EMBED_SWIFT_STANDARD_LIBRARIES = YES;
				BUNDLE_LOADER = "$(TEST_HOST)";
				CODE_SIGN_STYLE = Automatic;
				INFOPLIST_FILE = DayOfWeekTests/Info.plist;
				LD_RUNPATH_SEARCH_PATHS = (
					"$(inherited)",
					"@executable_path/Frameworks",
					"@loader_path/Frameworks",
				);
				PRODUCT_BUNDLE_IDENTIFIER = com.tzube.DayOfWeekTests;
				PRODUCT_NAME = "$(TARGET_NAME)";
				SWIFT_VERSION = 5.0;
				TARGETED_DEVICE_FAMILY = "1,2";
				TEST_HOST = "$(BUILT_PRODUCTS_DIR)/DayOfWeek.app/DayOfWeek";
			};
			name = Debug;
		};
		2B70A97C233080640028A8CE /* Release */ = {
			isa = XCBuildConfiguration;
			buildSettings = {
				ALWAYS_EMBED_SWIFT_STANDARD_LIBRARIES = YES;
				BUNDLE_LOADER = "$(TEST_HOST)";
				CODE_SIGN_STYLE = Automatic;
				INFOPLIST_FILE = DayOfWeekTests/Info.plist;
				LD_RUNPATH_SEARCH_PATHS = (
					"$(inherited)",
					"@executable_path/Frameworks",
					"@loader_path/Frameworks",
				);
				PRODUCT_BUNDLE_IDENTIFIER = com.tzube.DayOfWeekTests;
				PRODUCT_NAME = "$(TARGET_NAME)";
				SWIFT_VERSION = 5.0;
				TARGETED_DEVICE_FAMILY = "1,2";
				TEST_HOST = "$(BUILT_PRODUCTS_DIR)/DayOfWeek.app/DayOfWeek";
			};
			name = Release;
		};
		2B70A97E233080640028A8CE /* Debug */ = {
			isa = XCBuildConfiguration;
			buildSettings = {
				ALWAYS_EMBED_SWIFT_STANDARD_LIBRARIES = YES;
				CODE_SIGN_STYLE = Automatic;
				INFOPLIST_FILE = DayOfWeekUITests/Info.plist;
				LD_RUNPATH_SEARCH_PATHS = (
					"$(inherited)",
					"@executable_path/Frameworks",
					"@loader_path/Frameworks",
				);
				PRODUCT_BUNDLE_IDENTIFIER = com.tzube.DayOfWeekUITests;
				PRODUCT_NAME = "$(TARGET_NAME)";
				SWIFT_VERSION = 5.0;
				TARGETED_DEVICE_FAMILY = "1,2";
				TEST_TARGET_NAME = DayOfWeek;
			};
			name = Debug;
		};
		2B70A97F233080640028A8CE /* Release */ = {
			isa = XCBuildConfiguration;
			buildSettings = {
				ALWAYS_EMBED_SWIFT_STANDARD_LIBRARIES = YES;
				CODE_SIGN_STYLE = Automatic;
				INFOPLIST_FILE = DayOfWeekUITests/Info.plist;
				LD_RUNPATH_SEARCH_PATHS = (
					"$(inherited)",
					"@executable_path/Frameworks",
					"@loader_path/Frameworks",
				);
				PRODUCT_BUNDLE_IDENTIFIER = com.tzube.DayOfWeekUITests;
				PRODUCT_NAME = "$(TARGET_NAME)";
				SWIFT_VERSION = 5.0;
				TARGETED_DEVICE_FAMILY = "1,2";
				TEST_TARGET_NAME = DayOfWeek;
			};
			name = Release;
		};
/* End XCBuildConfiguration section */

/* Begin XCConfigurationList section */
		2B70A948233080620028A8CE /* Build configuration list for PBXProject "DayOfWeek" */ = {
			isa = XCConfigurationList;
			buildConfigurations = (
				2B70A975233080640028A8CE /* Debug */,
				2B70A976233080640028A8CE /* Release */,
			);
			defaultConfigurationIsVisible = 0;
			defaultConfigurationName = Release;
		};
		2B70A977233080640028A8CE /* Build configuration list for PBXNativeTarget "DayOfWeek" */ = {
			isa = XCConfigurationList;
			buildConfigurations = (
				2B70A978233080640028A8CE /* Debug */,
				2B70A979233080640028A8CE /* Release */,
			);
			defaultConfigurationIsVisible = 0;
			defaultConfigurationName = Release;
		};
		2B70A97A233080640028A8CE /* Build configuration list for PBXNativeTarget "DayOfWeekTests" */ = {
			isa = XCConfigurationList;
			buildConfigurations = (
				2B70A97B233080640028A8CE /* Debug */,
				2B70A97C233080640028A8CE /* Release */,
			);
			defaultConfigurationIsVisible = 0;
			defaultConfigurationName = Release;
		};
		2B70A97D233080640028A8CE /* Build configuration list for PBXNativeTarget "DayOfWeekUITests" */ = {
			isa = XCConfigurationList;
			buildConfigurations = (
				2B70A97E233080640028A8CE /* Debug */,
				2B70A97F233080640028A8CE /* Release */,
			);
			defaultConfigurationIsVisible = 0;
			defaultConfigurationName = Release;
		};
/* End XCConfigurationList section */
	};
	rootObject = 2B70A945233080620028A8CE /* Project object */;
}
